
Microsoft Visual Studio Solution File, Format Version 12.00
# Visual Studio Version 16
VisualStudioVersion = 16.0.30804.86
MinimumVisualStudioVersion = 10.0.40219.1
Project("{9A19103F-16F7-4668-BE54-9A1E7A4F7556}") = "wx_gorilla", "wx_gorilla\wx_gorilla.csproj", "{68A0E987-D3E7-4587-A466-0F3A7B2A138B}"
EndProject
Global
	GlobalSection(SolutionConfigurationPlatforms) = preSolution
		Debug|Any CPU = Debug|Any CPU
		Release|Any CPU = Release|Any CPU
	EndGlobalSection
	GlobalSection(ProjectConfigurationPlatforms) = postSolution
		{68A0E987-D3E7-4587-A466-0F3A7B2A138B}.Debug|Any CPU.ActiveCfg = Debug|Any CPU
		{68A0E987-D3E7-4587-A466-0F3A7B2A138B}.Debug|Any CPU.Build.0 = Debug|Any CPU
		{68A0E987-D3E7-4587-A466-0F3A7B2A138B}.Release|Any CPU.ActiveCfg = Release|Any CPU
		{68A0E987-D3E7-4587-A466-0F3A7B2A138B}.Release|Any CPU.Build.0 = Release|Any CPU
	EndGlobalSection
	GlobalSection(SolutionProperties) = preSolution
		HideSolutionNode = FALSE
	EndGlobalSection
	GlobalSection(ExtensibilityGlobals) = postSolution
		SolutionGuid = {F72BD646-6BC9-4C73-8F90-835B732161B4}
	EndGlobalSection
EndGlobal
